
Microsoft Visual Studio Solution File, Format Version 12.00
# Visual Studio Version 17
VisualStudioVersion = 17.5.33530.505
MinimumVisualStudioVersion = 10.0.40219.1
Project("{FAE04EC0-301F-11D3-BF4B-00C04F79EFBC}") = "MvcStok", "MvcStok\MvcStok.csproj", "{197F272B-92E6-4481-8621-91EC902BEF2D}"
EndProject
Global
	GlobalSection(SolutionConfigurationPlatforms) = preSolution
		Debug|Any CPU = Debug|Any CPU
		Release|Any CPU = Release|Any CPU
	EndGlobalSection
	GlobalSection(ProjectConfigurationPlatforms) = postSolution
		{197F272B-92E6-4481-8621-91EC902BEF2D}.Debug|Any CPU.ActiveCfg = Debug|Any CPU
		{197F272B-92E6-4481-8621-91EC902BEF2D}.Debug|Any CPU.Build.0 = Debug|Any CPU
		{197F272B-92E6-4481-8621-91EC902BEF2D}.Release|Any CPU.ActiveCfg = Release|Any CPU
		{197F272B-92E6-4481-8621-91EC902BEF2D}.Release|Any CPU.Build.0 = Release|Any CPU
	EndGlobalSection
	GlobalSection(SolutionProperties) = preSolution
		HideSolutionNode = FALSE
	EndGlobalSection
	GlobalSection(ExtensibilityGlobals) = postSolution
		SolutionGuid = {B9590CC7-170B-49AF-BE9F-769E817CE05E}
	EndGlobalSection
EndGlobal
